{
  "name": "existing-repo-react-python-frontend-fixture",
  "version": "0.1.0",
  "lockfileVersion": 3,
  "requires": true,
  "packages": {
    "": {
      "name": "existing-repo-react-python-frontend-fixture",
      "version": "0.1.0",
      "dependencies": {
        "react": "18.3.1",
        "react-dom": "18.3.1"
      }
    }
  }
}
